// !$*UTF8*$!
{
	archiveVersion = 1;
	classes = {
	};
	objectVersion = 55;
	objects = {

/* Begin PBXBuildFile section */
		5A6CDBD62808C0E800C6F28D /* ArgumentParser in Frameworks */ = {isa = PBXBuildFile; productRef = 5A6CDBD52808C0E800C6F28D /* ArgumentParser */; };
		5A6CDBD92808C0FE00C6F28D /* BitriseSwift in Frameworks */ = {isa = PBXBuildFile; productRef = 5A6CDBD82808C0FE00C6F28D /* BitriseSwift */; };
		5A6CDBDC2808C12700C6F28D /* KeychainAccess in Frameworks */ = {isa = PBXBuildFile; productRef = 5A6CDBDB2808C12700C6F28D /* KeychainAccess */; };
		5A6CDBDE2808C15E00C6F28D /* bitrise-cli.swift in Sources */ = {isa = PBXBuildFile; fileRef = 5A6CDBDD2808C15E00C6F28D /* bitrise-cli.swift */; };
		5A6CDBE12808C33000C6F28D /* FileKit in Frameworks */ = {isa = PBXBuildFile; productRef = 5A6CDBE02808C33000C6F28D /* FileKit */; };
/* End PBXBuildFile section */

/* Begin PBXCopyFilesBuildPhase section */
		5A6CDBC82808C0D600C6F28D /* CopyFiles */ = {
			isa = PBXCopyFilesBuildPhase;
			buildActionMask = 2147483647;
			dstPath = /usr/share/man/man1/;
			dstSubfolderSpec = 0;
			files = (
			);
			runOnlyForDeploymentPostprocessing = 1;
		};
/* End PBXCopyFilesBuildPhase section */

/* Begin PBXFileReference section */
		5A6CDBCA2808C0D600C6F28D /* bitrise-cli */ = {isa = PBXFileReference; explicitFileType = "compiled.mach-o.executable"; includeInIndex = 0; path = "bitrise-cli"; sourceTree = BUILT_PRODUCTS_DIR; };
		5A6CDBDD2808C15E00C6F28D /* bitrise-cli.swift */ = {isa = PBXFileReference; lastKnownFileType = sourcecode.swift; path = "bitrise-cli.swift"; sourceTree = "<group>"; };
/* End PBXFileReference section */

/* Begin PBXFrameworksBuildPhase section */
		5A6CDBC72808C0D600C6F28D /* Frameworks */ = {
			isa = PBXFrameworksBuildPhase;
			buildActionMask = 2147483647;
			files = (
				5A6CDBD62808C0E800C6F28D /* ArgumentParser in Frameworks */,
				5A6CDBD92808C0FE00C6F28D /* BitriseSwift in Frameworks */,
				5A6CDBDC2808C12700C6F28D /* KeychainAccess in Frameworks */,
				5A6CDBE12808C33000C6F28D /* FileKit in Frameworks */,
			);
			runOnlyForDeploymentPostprocessing = 0;
		};
/* End PBXFrameworksBuildPhase section */

/* Begin PBXGroup section */
		5A6CDBC12808C0D600C6F28D = {
			isa = PBXGroup;
			children = (
				5A6CDBCC2808C0D600C6F28D /* bitrise-cli */,
				5A6CDBCB2808C0D600C6F28D /* Products */,
			);
			sourceTree = "<group>";
		};
		5A6CDBCB2808C0D600C6F28D /* Products */ = {
			isa = PBXGroup;
			children = (
				5A6CDBCA2808C0D600C6F28D /* bitrise-cli */,
			);
			name = Products;
			sourceTree = "<group>";
		};
		5A6CDBCC2808C0D600C6F28D /* bitrise-cli */ = {
			isa = PBXGroup;
			children = (
				5A6CDBDD2808C15E00C6F28D /* bitrise-cli.swift */,
			);
			path = "bitrise-cli";
			sourceTree = "<group>";
		};
/* End PBXGroup section */

/* Begin PBXNativeTarget section */
		5A6CDBC92808C0D600C6F28D /* bitrise-cli */ = {
			isa = PBXNativeTarget;
			buildConfigurationList = 5A6CDBD12808C0D600C6F28D /* Build configuration list for PBXNativeTarget "bitrise-cli" */;
			buildPhases = (
				5A6CDBC62808C0D600C6F28D /* Sources */,
				5A6CDBC72808C0D600C6F28D /* Frameworks */,
				5A6CDBC82808C0D600C6F28D /* CopyFiles */,
			);
			buildRules = (
			);
			dependencies = (
			);
			name = "bitrise-cli";
			packageProductDependencies = (
				5A6CDBD52808C0E800C6F28D /* ArgumentParser */,
				5A6CDBD82808C0FE00C6F28D /* BitriseSwift */,
				5A6CDBDB2808C12700C6F28D /* KeychainAccess */,
				5A6CDBE02808C33000C6F28D /* FileKit */,
			);
			productName = "bitrise-cli";
			productReference = 5A6CDBCA2808C0D600C6F28D /* bitrise-cli */;
			productType = "com.apple.product-type.tool";
		};
/* End PBXNativeTarget section */

/* Begin PBXProject section */
		5A6CDBC22808C0D600C6F28D /* Project object */ = {
			isa = PBXProject;
			attributes = {
				BuildIndependentTargetsInParallel = 1;
				LastSwiftUpdateCheck = 1330;
				LastUpgradeCheck = 1330;
				TargetAttributes = {
					5A6CDBC92808C0D600C6F28D = {
						CreatedOnToolsVersion = 13.3;
					};
				};
			};
			buildConfigurationList = 5A6CDBC52808C0D600C6F28D /* Build configuration list for PBXProject "bitrise-cli" */;
			compatibilityVersion = "Xcode 13.0";
			developmentRegion = en;
			hasScannedForEncodings = 0;
			knownRegions = (
				en,
				Base,
			);
			mainGroup = 5A6CDBC12808C0D600C6F28D;
			packageReferences = (
				5A6CDBD42808C0E800C6F28D /* XCRemoteSwiftPackageReference "swift-argument-parser" */,
				5A6CDBD72808C0FE00C6F28D /* XCRemoteSwiftPackageReference "BitriseSwift" */,
				5A6CDBDA2808C12700C6F28D /* XCRemoteSwiftPackageReference "KeychainAccess" */,
				5A6CDBDF2808C33000C6F28D /* XCRemoteSwiftPackageReference "FileKit" */,
			);
			productRefGroup = 5A6CDBCB2808C0D600C6F28D /* Products */;
			projectDirPath = "";
			projectRoot = "";
			targets = (
				5A6CDBC92808C0D600C6F28D /* bitrise-cli */,
			);
		};
/* End PBXProject section */

/* Begin PBXSourcesBuildPhase section */
		5A6CDBC62808C0D600C6F28D /* Sources */ = {
			isa = PBXSourcesBuildPhase;
			buildActionMask = 2147483647;
			files = (
				5A6CDBDE2808C15E00C6F28D /* bitrise-cli.swift in Sources */,
			);
			runOnlyForDeploymentPostprocessing = 0;
		};
/* End PBXSourcesBuildPhase section */

/* Begin XCBuildConfiguration section */
		5A6CDBCF2808C0D600C6F28D /* Debug */ = {
			isa = XCBuildConfiguration;
			buildSettings = {
				ALWAYS_SEARCH_USER_PATHS = NO;
				CLANG_ANALYZER_NONNULL = YES;
				CLANG_ANALYZER_NUMBER_OBJECT_CONVERSION = YES_AGGRESSIVE;
				CLANG_CXX_LANGUAGE_STANDARD = "gnu++17";
				CLANG_ENABLE_MODULES = YES;
				CLANG_ENABLE_OBJC_ARC = YES;
				CLANG_ENABLE_OBJC_WEAK = YES;
				CLANG_WARN_BLOCK_CAPTURE_AUTORELEASING = YES;
				CLANG_WARN_BOOL_CONVERSION = YES;
				CLANG_WARN_COMMA = YES;
				CLANG_WARN_CONSTANT_CONVERSION = YES;
				CLANG_WARN_DEPRECATED_OBJC_IMPLEMENTATIONS = YES;
				CLANG_WARN_DIRECT_OBJC_ISA_USAGE = YES_ERROR;
				CLANG_WARN_DOCUMENTATION_COMMENTS = YES;
				CLANG_WARN_EMPTY_BODY = YES;
				CLANG_WARN_ENUM_CONVERSION = YES;
				CLANG_WARN_INFINITE_RECURSION = YES;
				CLANG_WARN_INT_CONVERSION = YES;
				CLANG_WARN_NON_LITERAL_NULL_CONVERSION = YES;
				CLANG_WARN_OBJC_IMPLICIT_RETAIN_SELF = YES;
				CLANG_WARN_OBJC_LITERAL_CONVERSION = YES;
				CLANG_WARN_OBJC_ROOT_CLASS = YES_ERROR;
				CLANG_WARN_QUOTED_INCLUDE_IN_FRAMEWORK_HEADER = YES;
				CLANG_WARN_RANGE_LOOP_ANALYSIS = YES;
				CLANG_WARN_STRICT_PROTOTYPES = YES;
				CLANG_WARN_SUSPICIOUS_MOVE = YES;
				CLANG_WARN_UNGUARDED_AVAILABILITY = YES_AGGRESSIVE;
				CLANG_WARN_UNREACHABLE_CODE = YES;
				CLANG_WARN__DUPLICATE_METHOD_MATCH = YES;
				COPY_PHASE_STRIP = NO;
				DEBUG_INFORMATION_FORMAT = dwarf;
				ENABLE_STRICT_OBJC_MSGSEND = YES;
				ENABLE_TESTABILITY = YES;
				GCC_C_LANGUAGE_STANDARD = gnu11;
				GCC_DYNAMIC_NO_PIC = NO;
				GCC_NO_COMMON_BLOCKS = YES;
				GCC_OPTIMIZATION_LEVEL = 0;
				GCC_PREPROCESSOR_DEFINITIONS = (
					"DEBUG=1",
					"$(inherited)",
				);
				GCC_WARN_64_TO_32_BIT_CONVERSION = YES;
				GCC_WARN_ABOUT_RETURN_TYPE = YES_ERROR;
				GCC_WARN_UNDECLARED_SELECTOR = YES;
				GCC_WARN_UNINITIALIZED_AUTOS = YES_AGGRESSIVE;
				GCC_WARN_UNUSED_FUNCTION = YES;
				GCC_WARN_UNUSED_VARIABLE = YES;
				MACOSX_DEPLOYMENT_TARGET = 12.3;
				MTL_ENABLE_DEBUG_INFO = INCLUDE_SOURCE;
				MTL_FAST_MATH = YES;
				ONLY_ACTIVE_ARCH = YES;
				SDKROOT = macosx;
				SWIFT_ACTIVE_COMPILATION_CONDITIONS = DEBUG;
				SWIFT_OPTIMIZATION_LEVEL = "-Onone";
			};
			name = Debug;
		};
		5A6CDBD02808C0D600C6F28D /* Release */ = {
			isa = XCBuildConfiguration;
			buildSettings = {
				ALWAYS_SEARCH_USER_PATHS = NO;
				CLANG_ANALYZER_NONNULL = YES;
				CLANG_ANALYZER_NUMBER_OBJECT_CONVERSION = YES_AGGRESSIVE;
				CLANG_CXX_LANGUAGE_STANDARD = "gnu++17";
				CLANG_ENABLE_MODULES = YES;
				CLANG_ENABLE_OBJC_ARC = YES;
				CLANG_ENABLE_OBJC_WEAK = YES;
				CLANG_WARN_BLOCK_CAPTURE_AUTORELEASING = YES;
				CLANG_WARN_BOOL_CONVERSION = YES;
				CLANG_WARN_COMMA = YES;
				CLANG_WARN_CONSTANT_CONVERSION = YES;
				CLANG_WARN_DEPRECATED_OBJC_IMPLEMENTATIONS = YES;
				CLANG_WARN_DIRECT_OBJC_ISA_USAGE = YES_ERROR;
				CLANG_WARN_DOCUMENTATION_COMMENTS = YES;
				CLANG_WARN_EMPTY_BODY = YES;
				CLANG_WARN_ENUM_CONVERSION = YES;
				CLANG_WARN_INFINITE_RECURSION = YES;
				CLANG_WARN_INT_CONVERSION = YES;
				CLANG_WARN_NON_LITERAL_NULL_CONVERSION = YES;
				CLANG_WARN_OBJC_IMPLICIT_RETAIN_SELF = YES;
				CLANG_WARN_OBJC_LITERAL_CONVERSION = YES;
				CLANG_WARN_OBJC_ROOT_CLASS = YES_ERROR;
				CLANG_WARN_QUOTED_INCLUDE_IN_FRAMEWORK_HEADER = YES;
				CLANG_WARN_RANGE_LOOP_ANALYSIS = YES;
				CLANG_WARN_STRICT_PROTOTYPES = YES;
				CLANG_WARN_SUSPICIOUS_MOVE = YES;
				CLANG_WARN_UNGUARDED_AVAILABILITY = YES_AGGRESSIVE;
				CLANG_WARN_UNREACHABLE_CODE = YES;
				CLANG_WARN__DUPLICATE_METHOD_MATCH = YES;
				COPY_PHASE_STRIP = NO;
				DEBUG_INFORMATION_FORMAT = "dwarf-with-dsym";
				ENABLE_NS_ASSERTIONS = NO;
				ENABLE_STRICT_OBJC_MSGSEND = YES;
				GCC_C_LANGUAGE_STANDARD = gnu11;
				GCC_NO_COMMON_BLOCKS = YES;
				GCC_WARN_64_TO_32_BIT_CONVERSION = YES;
				GCC_WARN_ABOUT_RETURN_TYPE = YES_ERROR;
				GCC_WARN_UNDECLARED_SELECTOR = YES;
				GCC_WARN_UNINITIALIZED_AUTOS = YES_AGGRESSIVE;
				GCC_WARN_UNUSED_FUNCTION = YES;
				GCC_WARN_UNUSED_VARIABLE = YES;
				MACOSX_DEPLOYMENT_TARGET = 12.3;
				MTL_ENABLE_DEBUG_INFO = NO;
				MTL_FAST_MATH = YES;
				SDKROOT = macosx;
				SWIFT_COMPILATION_MODE = wholemodule;
				SWIFT_OPTIMIZATION_LEVEL = "-O";
			};
			name = Release;
		};
		5A6CDBD22808C0D600C6F28D /* Debug */ = {
			isa = XCBuildConfiguration;
			buildSettings = {
				CODE_SIGN_STYLE = Automatic;
				DEVELOPMENT_TEAM = 8N5252PDS7;
				ENABLE_HARDENED_RUNTIME = YES;
				PRODUCT_NAME = "$(TARGET_NAME)";
				SWIFT_VERSION = 5.0;
			};
			name = Debug;
		};
		5A6CDBD32808C0D600C6F28D /* Release */ = {
			isa = XCBuildConfiguration;
			buildSettings = {
				CODE_SIGN_STYLE = Automatic;
				DEVELOPMENT_TEAM = 8N5252PDS7;
				ENABLE_HARDENED_RUNTIME = YES;
				PRODUCT_NAME = "$(TARGET_NAME)";
				SWIFT_VERSION = 5.0;
			};
			name = Release;
		};
/* End XCBuildConfiguration section */

/* Begin XCConfigurationList section */
		5A6CDBC52808C0D600C6F28D /* Build configuration list for PBXProject "bitrise-cli" */ = {
			isa = XCConfigurationList;
			buildConfigurations = (
				5A6CDBCF2808C0D600C6F28D /* Debug */,
				5A6CDBD02808C0D600C6F28D /* Release */,
			);
			defaultConfigurationIsVisible = 0;
			defaultConfigurationName = Release;
		};
		5A6CDBD12808C0D600C6F28D /* Build configuration list for PBXNativeTarget "bitrise-cli" */ = {
			isa = XCConfigurationList;
			buildConfigurations = (
				5A6CDBD22808C0D600C6F28D /* Debug */,
				5A6CDBD32808C0D600C6F28D /* Release */,
			);
			defaultConfigurationIsVisible = 0;
			defaultConfigurationName = Release;
		};
/* End XCConfigurationList section */

/* Begin XCRemoteSwiftPackageReference section */
		5A6CDBD42808C0E800C6F28D /* XCRemoteSwiftPackageReference "swift-argument-parser" */ = {
			isa = XCRemoteSwiftPackageReference;
			repositoryURL = "https://github.com/apple/swift-argument-parser.git";
			requirement = {
				kind = upToNextMajorVersion;
				minimumVersion = 1.0.0;
			};
		};
		5A6CDBD72808C0FE00C6F28D /* XCRemoteSwiftPackageReference "BitriseSwift" */ = {
			isa = XCRemoteSwiftPackageReference;
			repositoryURL = "https://github.com/dan-hart/BitriseSwift";
			requirement = {
				branch = main;
				kind = branch;
			};
		};
		5A6CDBDA2808C12700C6F28D /* XCRemoteSwiftPackageReference "KeychainAccess" */ = {
			isa = XCRemoteSwiftPackageReference;
			repositoryURL = "https://github.com/kishikawakatsumi/KeychainAccess";
			requirement = {
				kind = upToNextMajorVersion;
				minimumVersion = 4.0.0;
			};
		};
		5A6CDBDF2808C33000C6F28D /* XCRemoteSwiftPackageReference "FileKit" */ = {
			isa = XCRemoteSwiftPackageReference;
			repositoryURL = "https://github.com/nvzqz/FileKit";
			requirement = {
				kind = upToNextMajorVersion;
				minimumVersion = 6.0.0;
			};
		};
/* End XCRemoteSwiftPackageReference section */

/* Begin XCSwiftPackageProductDependency section */
		5A6CDBD52808C0E800C6F28D /* ArgumentParser */ = {
			isa = XCSwiftPackageProductDependency;
			package = 5A6CDBD42808C0E800C6F28D /* XCRemoteSwiftPackageReference "swift-argument-parser" */;
			productName = ArgumentParser;
		};
		5A6CDBD82808C0FE00C6F28D /* BitriseSwift */ = {
			isa = XCSwiftPackageProductDependency;
			package = 5A6CDBD72808C0FE00C6F28D /* XCRemoteSwiftPackageReference "BitriseSwift" */;
			productName = BitriseSwift;
		};
		5A6CDBDB2808C12700C6F28D /* KeychainAccess */ = {
			isa = XCSwiftPackageProductDependency;
			package = 5A6CDBDA2808C12700C6F28D /* XCRemoteSwiftPackageReference "KeychainAccess" */;
			productName = KeychainAccess;
		};
		5A6CDBE02808C33000C6F28D /* FileKit */ = {
			isa = XCSwiftPackageProductDependency;
			package = 5A6CDBDF2808C33000C6F28D /* XCRemoteSwiftPackageReference "FileKit" */;
			productName = FileKit;
		};
/* End XCSwiftPackageProductDependency section */
	};
	rootObject = 5A6CDBC22808C0D600C6F28D /* Project object */;
}
